
Microsoft Visual Studio Solution File, Format Version 12.00
# Visual Studio Version 16
VisualStudioVersion = 16.0.32901.82
MinimumVisualStudioVersion = 10.0.40219.1
Project("{9A19103F-16F7-4668-BE54-9A1E7A4F7556}") = "DailyMealPlanner", "DailyMealPlanner\DailyMealPlanner.csproj", "{17F702C0-71E2-4921-BE5C-9025F8950ABD}"
EndProject
Project("{2150E333-8FDC-42A3-9474-1A3956D46DE8}") = "Solution Items", "Solution Items", "{C46433BC-5584-4FE1-B767-C861CC85F90E}"
	ProjectSection(SolutionItems) = preProject
		.editorconfig = .editorconfig
	EndProjectSection
EndProject
Global
	GlobalSection(SolutionConfigurationPlatforms) = preSolution
		Debug|Any CPU = Debug|Any CPU
		Release|Any CPU = Release|Any CPU
	EndGlobalSection
	GlobalSection(ProjectConfigurationPlatforms) = postSolution
		{17F702C0-71E2-4921-BE5C-9025F8950ABD}.Debug|Any CPU.ActiveCfg = Debug|Any CPU
		{17F702C0-71E2-4921-BE5C-9025F8950ABD}.Debug|Any CPU.Build.0 = Debug|Any CPU
		{17F702C0-71E2-4921-BE5C-9025F8950ABD}.Release|Any CPU.ActiveCfg = Release|Any CPU
		{17F702C0-71E2-4921-BE5C-9025F8950ABD}.Release|Any CPU.Build.0 = Release|Any CPU
	EndGlobalSection
	GlobalSection(SolutionProperties) = preSolution
		HideSolutionNode = FALSE
	EndGlobalSection
	GlobalSection(ExtensibilityGlobals) = postSolution
		SolutionGuid = {9CA853BB-1F03-4C48-98AE-13571FAA3932}
	EndGlobalSection
EndGlobal
